
Microsoft Visual Studio Solution File, Format Version 12.00
# Visual Studio Version 16
VisualStudioVersion = 16.0.31112.23
MinimumVisualStudioVersion = 10.0.40219.1
Project("{FAE04EC0-301F-11D3-BF4B-00C04F79EFBC}") = "Add_On_SFS_4", "Add_On_SFS_4\Add_On_SFS_4.csproj", "{5FF804FE-305D-4CB6-8525-0DF44AD306EE}"
EndProject
Project("{FAE04EC0-301F-11D3-BF4B-00C04F79EFBC}") = "Facturas", "Facturas\Facturas.csproj", "{443F600B-F976-4450-8B90-4D0100BCDED0}"
EndProject
Project("{FAE04EC0-301F-11D3-BF4B-00C04F79EFBC}") = "Reportes", "Reportes\Reportes.csproj", "{282DA828-3908-4D07-8412-45B2DBD067D5}"
EndProject
Global
	GlobalSection(SolutionConfigurationPlatforms) = preSolution
		Debug|Any CPU = Debug|Any CPU
		Release|Any CPU = Release|Any CPU
	EndGlobalSection
	GlobalSection(ProjectConfigurationPlatforms) = postSolution
		{5FF804FE-305D-4CB6-8525-0DF44AD306EE}.Debug|Any CPU.ActiveCfg = Debug|Any CPU
		{5FF804FE-305D-4CB6-8525-0DF44AD306EE}.Debug|Any CPU.Build.0 = Debug|Any CPU
		{5FF804FE-305D-4CB6-8525-0DF44AD306EE}.Release|Any CPU.ActiveCfg = Release|Any CPU
		{5FF804FE-305D-4CB6-8525-0DF44AD306EE}.Release|Any CPU.Build.0 = Release|Any CPU
		{443F600B-F976-4450-8B90-4D0100BCDED0}.Debug|Any CPU.ActiveCfg = Debug|Any CPU
		{443F600B-F976-4450-8B90-4D0100BCDED0}.Debug|Any CPU.Build.0 = Debug|Any CPU
		{443F600B-F976-4450-8B90-4D0100BCDED0}.Release|Any CPU.ActiveCfg = Release|Any CPU
		{443F600B-F976-4450-8B90-4D0100BCDED0}.Release|Any CPU.Build.0 = Release|Any CPU
		{282DA828-3908-4D07-8412-45B2DBD067D5}.Debug|Any CPU.ActiveCfg = Debug|Any CPU
		{282DA828-3908-4D07-8412-45B2DBD067D5}.Debug|Any CPU.Build.0 = Debug|Any CPU
		{282DA828-3908-4D07-8412-45B2DBD067D5}.Release|Any CPU.ActiveCfg = Release|Any CPU
		{282DA828-3908-4D07-8412-45B2DBD067D5}.Release|Any CPU.Build.0 = Release|Any CPU
	EndGlobalSection
	GlobalSection(SolutionProperties) = preSolution
		HideSolutionNode = FALSE
	EndGlobalSection
	GlobalSection(ExtensibilityGlobals) = postSolution
		SolutionGuid = {D10F7715-1CE7-4E21-B343-A658A82209A5}
	EndGlobalSection
EndGlobal
